// !$*UTF8*$!
{
	archiveVersion = 1;
	classes = {
	};
	objectVersion = 46;
	objects = {

/* Begin PBXBuildFile section */
		3B6ABF9EDCECA7B7CDAF01DD /* libPods-Georgia.a in Frameworks */ = {isa = PBXBuildFile; fileRef = 46E64F68DCAA39C8D409F3C0 /* libPods-Georgia.a */; };
		9E3D5F371BC55B11005CF2B8 /* launch_background.png in Resources */ = {isa = PBXBuildFile; fileRef = 9E3D5F361BC55B11005CF2B8 /* launch_background.png */; };
		9E3D5F391BC55F92005CF2B8 /* Articles.swift in Sources */ = {isa = PBXBuildFile; fileRef = 9E3D5F381BC55F92005CF2B8 /* Articles.swift */; };
		9E3D5F3B1BC55F98005CF2B8 /* Categories.swift in Sources */ = {isa = PBXBuildFile; fileRef = 9E3D5F3A1BC55F98005CF2B8 /* Categories.swift */; };
		9E3D5F3D1BC55F9E005CF2B8 /* Banners.swift in Sources */ = {isa = PBXBuildFile; fileRef = 9E3D5F3C1BC55F9E005CF2B8 /* Banners.swift */; };
		9E3D5F3F1BC55FA3005CF2B8 /* Publishers.swift in Sources */ = {isa = PBXBuildFile; fileRef = 9E3D5F3E1BC55FA3005CF2B8 /* Publishers.swift */; };
		9E4F09C61BCBE5B100E8B99D /* publishers_new_icon@3x.png in Resources */ = {isa = PBXBuildFile; fileRef = 9E4F09C51BCBE5B100E8B99D /* publishers_new_icon@3x.png */; };
		9E4F09CA1BCBE8C000E8B99D /* feed_back_button@3x.png in Resources */ = {isa = PBXBuildFile; fileRef = 9E4F09C71BCBE8C000E8B99D /* feed_back_button@3x.png */; };
		9E4F09CB1BCBE8C000E8B99D /* feed_filter_icon@3x.png in Resources */ = {isa = PBXBuildFile; fileRef = 9E4F09C81BCBE8C000E8B99D /* feed_filter_icon@3x.png */; };
		9E4F09CC1BCBE8C000E8B99D /* feed_settings_icon@3x.png in Resources */ = {isa = PBXBuildFile; fileRef = 9E4F09C91BCBE8C000E8B99D /* feed_settings_icon@3x.png */; };
		9E4F09CE1BCBF5A200E8B99D /* FiltersView.swift in Sources */ = {isa = PBXBuildFile; fileRef = 9E4F09CD1BCBF5A200E8B99D /* FiltersView.swift */; };
		9E4F09D21BCC00B600E8B99D /* SettingsView.swift in Sources */ = {isa = PBXBuildFile; fileRef = 9E4F09D11BCC00B600E8B99D /* SettingsView.swift */; };
		9E515F341BBD7A75004FF58E /* publishers_add_icon@3x.png in Resources */ = {isa = PBXBuildFile; fileRef = 9E515F321BBD7A75004FF58E /* publishers_add_icon@3x.png */; };
		9E515F351BBD7A75004FF58E /* publishers_added_icon@3x.png in Resources */ = {isa = PBXBuildFile; fileRef = 9E515F331BBD7A75004FF58E /* publishers_added_icon@3x.png */; };
		9E5560611BBEB4650065B5EC /* API.swift in Sources */ = {isa = PBXBuildFile; fileRef = 9E5560601BBEB4650065B5EC /* API.swift */; };
		9E5560631BBEB6040065B5EC /* DataManager.swift in Sources */ = {isa = PBXBuildFile; fileRef = 9E5560621BBEB6040065B5EC /* DataManager.swift */; };
		9EB784031BC6A8BA007F963A /* ArticlesCell.swift in Sources */ = {isa = PBXBuildFile; fileRef = 9EB784021BC6A8BA007F963A /* ArticlesCell.swift */; };
		9EBC83941BCD18E0005A671C /* filters_close_button@3x.png in Resources */ = {isa = PBXBuildFile; fileRef = 9EBC83931BCD18E0005A671C /* filters_close_button@3x.png */; };
		9EBC83961BCD26CC005A671C /* ArticleView.swift in Sources */ = {isa = PBXBuildFile; fileRef = 9EBC83951BCD26CC005A671C /* ArticleView.swift */; };
		9EBC83981BCD27AB005A671C /* article_share_icon@3x.png in Resources */ = {isa = PBXBuildFile; fileRef = 9EBC83971BCD27AB005A671C /* article_share_icon@3x.png */; };
		9EC30D3C1BCFE3C100C0B218 /* ArticlesView.swift in Sources */ = {isa = PBXBuildFile; fileRef = 9EC30D3B1BCFE3C100C0B218 /* ArticlesView.swift */; };
		9ECC9F811BC40C34004400C9 /* launch_logo@3x.png in Resources */ = {isa = PBXBuildFile; fileRef = 9ECC9F801BC40C34004400C9 /* launch_logo@3x.png */; };
		9ECC9F831BC412BF004400C9 /* PublisherView.swift in Sources */ = {isa = PBXBuildFile; fileRef = 9ECC9F821BC412BF004400C9 /* PublisherView.swift */; };
		9ED9EBE91BBC24AA007DEE61 /* AppDelegate.swift in Sources */ = {isa = PBXBuildFile; fileRef = 9ED9EBE81BBC24AA007DEE61 /* AppDelegate.swift */; };
		9ED9EBEC1BBC24AA007DEE61 /* Georgia.xcdatamodeld in Sources */ = {isa = PBXBuildFile; fileRef = 9ED9EBEA1BBC24AA007DEE61 /* Georgia.xcdatamodeld */; };
		9ED9EBF11BBC24AA007DEE61 /* Main.storyboard in Resources */ = {isa = PBXBuildFile; fileRef = 9ED9EBEF1BBC24AA007DEE61 /* Main.storyboard */; };
		9ED9EBF31BBC24AA007DEE61 /* Images.xcassets in Resources */ = {isa = PBXBuildFile; fileRef = 9ED9EBF21BBC24AA007DEE61 /* Images.xcassets */; };
		9ED9EBF61BBC24AA007DEE61 /* LaunchScreen.xib in Resources */ = {isa = PBXBuildFile; fileRef = 9ED9EBF41BBC24AA007DEE61 /* LaunchScreen.xib */; };
		9ED9EC021BBC24AA007DEE61 /* GeorgiaTests.swift in Sources */ = {isa = PBXBuildFile; fileRef = 9ED9EC011BBC24AA007DEE61 /* GeorgiaTests.swift */; };
		9ED9EC0C1BBC3104007DEE61 /* PublishersView.swift in Sources */ = {isa = PBXBuildFile; fileRef = 9ED9EC0B1BBC3104007DEE61 /* PublishersView.swift */; };
		9ED9EC0E1BBC3159007DEE61 /* PublishersCell.swift in Sources */ = {isa = PBXBuildFile; fileRef = 9ED9EC0D1BBC3159007DEE61 /* PublishersCell.swift */; };
/* End PBXBuildFile section */

/* Begin PBXContainerItemProxy section */
		9ED9EBFC1BBC24AA007DEE61 /* PBXContainerItemProxy */ = {
			isa = PBXContainerItemProxy;
			containerPortal = 9ED9EBDB1BBC24AA007DEE61 /* Project object */;
			proxyType = 1;
			remoteGlobalIDString = 9ED9EBE21BBC24AA007DEE61;
			remoteInfo = Georgia;
		};
/* End PBXContainerItemProxy section */

/* Begin PBXFileReference section */
		376CD39A9CFD5CFE8DCEC8DD /* Pods-Georgia.debug.xcconfig */ = {isa = PBXFileReference; includeInIndex = 1; lastKnownFileType = text.xcconfig; name = "Pods-Georgia.debug.xcconfig"; path = "Pods/Target Support Files/Pods-Georgia/Pods-Georgia.debug.xcconfig"; sourceTree = "<group>"; };
		39D96B5194AD6BF6FF046409 /* Pods-Georgia.release.xcconfig */ = {isa = PBXFileReference; includeInIndex = 1; lastKnownFileType = text.xcconfig; name = "Pods-Georgia.release.xcconfig"; path = "Pods/Target Support Files/Pods-Georgia/Pods-Georgia.release.xcconfig"; sourceTree = "<group>"; };
		46E64F68DCAA39C8D409F3C0 /* libPods-Georgia.a */ = {isa = PBXFileReference; explicitFileType = archive.ar; includeInIndex = 0; path = "libPods-Georgia.a"; sourceTree = BUILT_PRODUCTS_DIR; };
		9E3D5F361BC55B11005CF2B8 /* launch_background.png */ = {isa = PBXFileReference; lastKnownFileType = image.png; path = launch_background.png; sourceTree = "<group>"; };
		9E3D5F381BC55F92005CF2B8 /* Articles.swift */ = {isa = PBXFileReference; fileEncoding = 4; lastKnownFileType = sourcecode.swift; path = Articles.swift; sourceTree = "<group>"; };
		9E3D5F3A1BC55F98005CF2B8 /* Categories.swift */ = {isa = PBXFileReference; fileEncoding = 4; lastKnownFileType = sourcecode.swift; path = Categories.swift; sourceTree = "<group>"; };
		9E3D5F3C1BC55F9E005CF2B8 /* Banners.swift */ = {isa = PBXFileReference; fileEncoding = 4; lastKnownFileType = sourcecode.swift; path = Banners.swift; sourceTree = "<group>"; };
		9E3D5F3E1BC55FA3005CF2B8 /* Publishers.swift */ = {isa = PBXFileReference; fileEncoding = 4; lastKnownFileType = sourcecode.swift; path = Publishers.swift; sourceTree = "<group>"; };
		9E4F09C51BCBE5B100E8B99D /* publishers_new_icon@3x.png */ = {isa = PBXFileReference; lastKnownFileType = image.png; path = "publishers_new_icon@3x.png"; sourceTree = "<group>"; };
		9E4F09C71BCBE8C000E8B99D /* feed_back_button@3x.png */ = {isa = PBXFileReference; lastKnownFileType = image.png; path = "feed_back_button@3x.png"; sourceTree = "<group>"; };
		9E4F09C81BCBE8C000E8B99D /* feed_filter_icon@3x.png */ = {isa = PBXFileReference; lastKnownFileType = image.png; path = "feed_filter_icon@3x.png"; sourceTree = "<group>"; };
		9E4F09C91BCBE8C000E8B99D /* feed_settings_icon@3x.png */ = {isa = PBXFileReference; lastKnownFileType = image.png; path = "feed_settings_icon@3x.png"; sourceTree = "<group>"; };
		9E4F09CD1BCBF5A200E8B99D /* FiltersView.swift */ = {isa = PBXFileReference; fileEncoding = 4; lastKnownFileType = sourcecode.swift; path = FiltersView.swift; sourceTree = "<group>"; };
		9E4F09D11BCC00B600E8B99D /* SettingsView.swift */ = {isa = PBXFileReference; fileEncoding = 4; lastKnownFileType = sourcecode.swift; path = SettingsView.swift; sourceTree = "<group>"; };
		9E515F321BBD7A75004FF58E /* publishers_add_icon@3x.png */ = {isa = PBXFileReference; lastKnownFileType = image.png; path = "publishers_add_icon@3x.png"; sourceTree = "<group>"; };
		9E515F331BBD7A75004FF58E /* publishers_added_icon@3x.png */ = {isa = PBXFileReference; lastKnownFileType = image.png; path = "publishers_added_icon@3x.png"; sourceTree = "<group>"; };
		9E55605F1BBEAE520065B5EC /* Georgia-Bridging-Header.h */ = {isa = PBXFileReference; lastKnownFileType = sourcecode.c.h; path = "Georgia-Bridging-Header.h"; sourceTree = "<group>"; };
		9E5560601BBEB4650065B5EC /* API.swift */ = {isa = PBXFileReference; fileEncoding = 4; lastKnownFileType = sourcecode.swift; path = API.swift; sourceTree = "<group>"; };
		9E5560621BBEB6040065B5EC /* DataManager.swift */ = {isa = PBXFileReference; fileEncoding = 4; lastKnownFileType = sourcecode.swift; path = DataManager.swift; sourceTree = "<group>"; };
		9EB784021BC6A8BA007F963A /* ArticlesCell.swift */ = {isa = PBXFileReference; fileEncoding = 4; lastKnownFileType = sourcecode.swift; path = ArticlesCell.swift; sourceTree = "<group>"; };
		9EBC83931BCD18E0005A671C /* filters_close_button@3x.png */ = {isa = PBXFileReference; lastKnownFileType = image.png; path = "filters_close_button@3x.png"; sourceTree = "<group>"; };
		9EBC83951BCD26CC005A671C /* ArticleView.swift */ = {isa = PBXFileReference; fileEncoding = 4; lastKnownFileType = sourcecode.swift; path = ArticleView.swift; sourceTree = "<group>"; };
		9EBC83971BCD27AB005A671C /* article_share_icon@3x.png */ = {isa = PBXFileReference; lastKnownFileType = image.png; path = "article_share_icon@3x.png"; sourceTree = "<group>"; };
		9EC30D3B1BCFE3C100C0B218 /* ArticlesView.swift */ = {isa = PBXFileReference; fileEncoding = 4; lastKnownFileType = sourcecode.swift; path = ArticlesView.swift; sourceTree = "<group>"; };
		9ECC9F801BC40C34004400C9 /* launch_logo@3x.png */ = {isa = PBXFileReference; lastKnownFileType = image.png; path = "launch_logo@3x.png"; sourceTree = "<group>"; };
		9ECC9F821BC412BF004400C9 /* PublisherView.swift */ = {isa = PBXFileReference; fileEncoding = 4; lastKnownFileType = sourcecode.swift; path = PublisherView.swift; sourceTree = "<group>"; };
		9ED9EBE31BBC24AA007DEE61 /* Georgia.app */ = {isa = PBXFileReference; explicitFileType = wrapper.application; includeInIndex = 0; path = Georgia.app; sourceTree = BUILT_PRODUCTS_DIR; };
		9ED9EBE71BBC24AA007DEE61 /* Info.plist */ = {isa = PBXFileReference; lastKnownFileType = text.plist.xml; path = Info.plist; sourceTree = "<group>"; };
		9ED9EBE81BBC24AA007DEE61 /* AppDelegate.swift */ = {isa = PBXFileReference; lastKnownFileType = sourcecode.swift; path = AppDelegate.swift; sourceTree = "<group>"; };
		9ED9EBEB1BBC24AA007DEE61 /* Georgia.xcdatamodel */ = {isa = PBXFileReference; lastKnownFileType = wrapper.xcdatamodel; path = Georgia.xcdatamodel; sourceTree = "<group>"; };
		9ED9EBF01BBC24AA007DEE61 /* Base */ = {isa = PBXFileReference; lastKnownFileType = file.storyboard; name = Base; path = Base.lproj/Main.storyboard; sourceTree = "<group>"; };
		9ED9EBF21BBC24AA007DEE61 /* Images.xcassets */ = {isa = PBXFileReference; lastKnownFileType = folder.assetcatalog; path = Images.xcassets; sourceTree = "<group>"; };
		9ED9EBF51BBC24AA007DEE61 /* Base */ = {isa = PBXFileReference; lastKnownFileType = file.xib; name = Base; path = Base.lproj/LaunchScreen.xib; sourceTree = "<group>"; };
		9ED9EBFB1BBC24AA007DEE61 /* GeorgiaTests.xctest */ = {isa = PBXFileReference; explicitFileType = wrapper.cfbundle; includeInIndex = 0; path = GeorgiaTests.xctest; sourceTree = BUILT_PRODUCTS_DIR; };
		9ED9EC001BBC24AA007DEE61 /* Info.plist */ = {isa = PBXFileReference; lastKnownFileType = text.plist.xml; path = Info.plist; sourceTree = "<group>"; };
		9ED9EC011BBC24AA007DEE61 /* GeorgiaTests.swift */ = {isa = PBXFileReference; lastKnownFileType = sourcecode.swift; path = GeorgiaTests.swift; sourceTree = "<group>"; };
		9ED9EC0B1BBC3104007DEE61 /* PublishersView.swift */ = {isa = PBXFileReference; fileEncoding = 4; lastKnownFileType = sourcecode.swift; path = PublishersView.swift; sourceTree = "<group>"; };
		9ED9EC0D1BBC3159007DEE61 /* PublishersCell.swift */ = {isa = PBXFileReference; fileEncoding = 4; lastKnownFileType = sourcecode.swift; path = PublishersCell.swift; sourceTree = "<group>"; };
/* End PBXFileReference section */

/* Begin PBXFrameworksBuildPhase section */
		9ED9EBE01BBC24AA007DEE61 /* Frameworks */ = {
			isa = PBXFrameworksBuildPhase;
			buildActionMask = 2147483647;
			files = (
				3B6ABF9EDCECA7B7CDAF01DD /* libPods-Georgia.a in Frameworks */,
			);
			runOnlyForDeploymentPostprocessing = 0;
		};
		9ED9EBF81BBC24AA007DEE61 /* Frameworks */ = {
			isa = PBXFrameworksBuildPhase;
			buildActionMask = 2147483647;
			files = (
			);
			runOnlyForDeploymentPostprocessing = 0;
		};
/* End PBXFrameworksBuildPhase section */

/* Begin PBXGroup section */
		0068B00673EC8920A5C9912A /* Frameworks */ = {
			isa = PBXGroup;
			children = (
				46E64F68DCAA39C8D409F3C0 /* libPods-Georgia.a */,
			);
			name = Frameworks;
			sourceTree = "<group>";
		};
		9ED9EBDA1BBC24AA007DEE61 = {
			isa = PBXGroup;
			children = (
				9ED9EBE51BBC24AA007DEE61 /* Georgia */,
				9ED9EBFE1BBC24AA007DEE61 /* GeorgiaTests */,
				9ED9EBE41BBC24AA007DEE61 /* Products */,
				E59D77CA1CC0FF8613A5D773 /* Pods */,
				0068B00673EC8920A5C9912A /* Frameworks */,
			);
			sourceTree = "<group>";
		};
		9ED9EBE41BBC24AA007DEE61 /* Products */ = {
			isa = PBXGroup;
			children = (
				9ED9EBE31BBC24AA007DEE61 /* Georgia.app */,
				9ED9EBFB1BBC24AA007DEE61 /* GeorgiaTests.xctest */,
			);
			name = Products;
			sourceTree = "<group>";
		};
		9ED9EBE51BBC24AA007DEE61 /* Georgia */ = {
			isa = PBXGroup;
			children = (
				9E4F09C71BCBE8C000E8B99D /* feed_back_button@3x.png */,
				9EBC83931BCD18E0005A671C /* filters_close_button@3x.png */,
				9E4F09C91BCBE8C000E8B99D /* feed_settings_icon@3x.png */,
				9E4F09C81BCBE8C000E8B99D /* feed_filter_icon@3x.png */,
				9E3D5F361BC55B11005CF2B8 /* launch_background.png */,
				9E515F321BBD7A75004FF58E /* publishers_add_icon@3x.png */,
				9ECC9F801BC40C34004400C9 /* launch_logo@3x.png */,
				9E515F331BBD7A75004FF58E /* publishers_added_icon@3x.png */,
				9E4F09C51BCBE5B100E8B99D /* publishers_new_icon@3x.png */,
				9EBC83971BCD27AB005A671C /* article_share_icon@3x.png */,
				9ED9EBEF1BBC24AA007DEE61 /* Main.storyboard */,
				9E3D5F381BC55F92005CF2B8 /* Articles.swift */,
				9E3D5F3A1BC55F98005CF2B8 /* Categories.swift */,
				9E3D5F3C1BC55F9E005CF2B8 /* Banners.swift */,
				9E3D5F3E1BC55FA3005CF2B8 /* Publishers.swift */,
				9EB784021BC6A8BA007F963A /* ArticlesCell.swift */,
				9ED9EC0D1BBC3159007DEE61 /* PublishersCell.swift */,
				9ED9EBE81BBC24AA007DEE61 /* AppDelegate.swift */,
				9ED9EC0B1BBC3104007DEE61 /* PublishersView.swift */,
				9EC30D3B1BCFE3C100C0B218 /* ArticlesView.swift */,
				9ECC9F821BC412BF004400C9 /* PublisherView.swift */,
				9E4F09CD1BCBF5A200E8B99D /* FiltersView.swift */,
				9E4F09D11BCC00B600E8B99D /* SettingsView.swift */,
				9EBC83951BCD26CC005A671C /* ArticleView.swift */,
				9ED9EBF21BBC24AA007DEE61 /* Images.xcassets */,
				9ED9EBF41BBC24AA007DEE61 /* LaunchScreen.xib */,
				9ED9EBEA1BBC24AA007DEE61 /* Georgia.xcdatamodeld */,
				9ED9EBE61BBC24AA007DEE61 /* Supporting Files */,
				9E55605F1BBEAE520065B5EC /* Georgia-Bridging-Header.h */,
				9E5560601BBEB4650065B5EC /* API.swift */,
				9E5560621BBEB6040065B5EC /* DataManager.swift */,
			);
			path = Georgia;
			sourceTree = "<group>";
		};
		9ED9EBE61BBC24AA007DEE61 /* Supporting Files */ = {
			isa = PBXGroup;
			children = (
				9ED9EBE71BBC24AA007DEE61 /* Info.plist */,
			);
			name = "Supporting Files";
			sourceTree = "<group>";
		};
		9ED9EBFE1BBC24AA007DEE61 /* GeorgiaTests */ = {
			isa = PBXGroup;
			children = (
				9ED9EC011BBC24AA007DEE61 /* GeorgiaTests.swift */,
				9ED9EBFF1BBC24AA007DEE61 /* Supporting Files */,
			);
			path = GeorgiaTests;
			sourceTree = "<group>";
		};
		9ED9EBFF1BBC24AA007DEE61 /* Supporting Files */ = {
			isa = PBXGroup;
			children = (
				9ED9EC001BBC24AA007DEE61 /* Info.plist */,
			);
			name = "Supporting Files";
			sourceTree = "<group>";
		};
		E59D77CA1CC0FF8613A5D773 /* Pods */ = {
			isa = PBXGroup;
			children = (
				376CD39A9CFD5CFE8DCEC8DD /* Pods-Georgia.debug.xcconfig */,
				39D96B5194AD6BF6FF046409 /* Pods-Georgia.release.xcconfig */,
			);
			name = Pods;
			sourceTree = "<group>";
		};
/* End PBXGroup section */

/* Begin PBXNativeTarget section */
		9ED9EBE21BBC24AA007DEE61 /* Georgia */ = {
			isa = PBXNativeTarget;
			buildConfigurationList = 9ED9EC051BBC24AA007DEE61 /* Build configuration list for PBXNativeTarget "Georgia" */;
			buildPhases = (
				916CA01FE42A208CAF2F9454 /* Check Pods Manifest.lock */,
				9ED9EBDF1BBC24AA007DEE61 /* Sources */,
				9ED9EBE01BBC24AA007DEE61 /* Frameworks */,
				9ED9EBE11BBC24AA007DEE61 /* Resources */,
				A03EB0DB5B767F709B328380 /* Copy Pods Resources */,
			);
			buildRules = (
			);
			dependencies = (
			);
			name = Georgia;
			productName = Georgia;
			productReference = 9ED9EBE31BBC24AA007DEE61 /* Georgia.app */;
			productType = "com.apple.product-type.application";
		};
		9ED9EBFA1BBC24AA007DEE61 /* GeorgiaTests */ = {
			isa = PBXNativeTarget;
			buildConfigurationList = 9ED9EC081BBC24AA007DEE61 /* Build configuration list for PBXNativeTarget "GeorgiaTests" */;
			buildPhases = (
				9ED9EBF71BBC24AA007DEE61 /* Sources */,
				9ED9EBF81BBC24AA007DEE61 /* Frameworks */,
				9ED9EBF91BBC24AA007DEE61 /* Resources */,
			);
			buildRules = (
			);
			dependencies = (
				9ED9EBFD1BBC24AA007DEE61 /* PBXTargetDependency */,
			);
			name = GeorgiaTests;
			productName = GeorgiaTests;
			productReference = 9ED9EBFB1BBC24AA007DEE61 /* GeorgiaTests.xctest */;
			productType = "com.apple.product-type.bundle.unit-test";
		};
/* End PBXNativeTarget section */

/* Begin PBXProject section */
		9ED9EBDB1BBC24AA007DEE61 /* Project object */ = {
			isa = PBXProject;
			attributes = {
				LastUpgradeCheck = 0640;
				ORGANIZATIONNAME = "MOZI Development";
				TargetAttributes = {
					9ED9EBE21BBC24AA007DEE61 = {
						CreatedOnToolsVersion = 6.4;
					};
					9ED9EBFA1BBC24AA007DEE61 = {
						CreatedOnToolsVersion = 6.4;
						TestTargetID = 9ED9EBE21BBC24AA007DEE61;
					};
				};
			};
			buildConfigurationList = 9ED9EBDE1BBC24AA007DEE61 /* Build configuration list for PBXProject "Georgia" */;
			compatibilityVersion = "Xcode 3.2";
			developmentRegion = English;
			hasScannedForEncodings = 0;
			knownRegions = (
				en,
				Base,
			);
			mainGroup = 9ED9EBDA1BBC24AA007DEE61;
			productRefGroup = 9ED9EBE41BBC24AA007DEE61 /* Products */;
			projectDirPath = "";
			projectRoot = "";
			targets = (
				9ED9EBE21BBC24AA007DEE61 /* Georgia */,
				9ED9EBFA1BBC24AA007DEE61 /* GeorgiaTests */,
			);
		};
/* End PBXProject section */

/* Begin PBXResourcesBuildPhase section */
		9ED9EBE11BBC24AA007DEE61 /* Resources */ = {
			isa = PBXResourcesBuildPhase;
			buildActionMask = 2147483647;
			files = (
				9E4F09CA1BCBE8C000E8B99D /* feed_back_button@3x.png in Resources */,
				9ED9EBF11BBC24AA007DEE61 /* Main.storyboard in Resources */,
				9EBC83941BCD18E0005A671C /* filters_close_button@3x.png in Resources */,
				9EBC83981BCD27AB005A671C /* article_share_icon@3x.png in Resources */,
				9ECC9F811BC40C34004400C9 /* launch_logo@3x.png in Resources */,
				9E4F09C61BCBE5B100E8B99D /* publishers_new_icon@3x.png in Resources */,
				9E4F09CC1BCBE8C000E8B99D /* feed_settings_icon@3x.png in Resources */,
				9E4F09CB1BCBE8C000E8B99D /* feed_filter_icon@3x.png in Resources */,
				9E515F341BBD7A75004FF58E /* publishers_add_icon@3x.png in Resources */,
				9ED9EBF61BBC24AA007DEE61 /* LaunchScreen.xib in Resources */,
				9ED9EBF31BBC24AA007DEE61 /* Images.xcassets in Resources */,
				9E3D5F371BC55B11005CF2B8 /* launch_background.png in Resources */,
				9E515F351BBD7A75004FF58E /* publishers_added_icon@3x.png in Resources */,
			);
			runOnlyForDeploymentPostprocessing = 0;
		};
		9ED9EBF91BBC24AA007DEE61 /* Resources */ = {
			isa = PBXResourcesBuildPhase;
			buildActionMask = 2147483647;
			files = (
			);
			runOnlyForDeploymentPostprocessing = 0;
		};
/* End PBXResourcesBuildPhase section */

/* Begin PBXShellScriptBuildPhase section */
		916CA01FE42A208CAF2F9454 /* Check Pods Manifest.lock */ = {
			isa = PBXShellScriptBuildPhase;
			buildActionMask = 2147483647;
			files = (
			);
			inputPaths = (
			);
			name = "Check Pods Manifest.lock";
			outputPaths = (
			);
			runOnlyForDeploymentPostprocessing = 0;
			shellPath = /bin/sh;
			shellScript = "diff \"${PODS_ROOT}/../Podfile.lock\" \"${PODS_ROOT}/Manifest.lock\" > /dev/null\nif [[ $? != 0 ]] ; then\n    cat << EOM\nerror: The sandbox is not in sync with the Podfile.lock. Run 'pod install' or update your CocoaPods installation.\nEOM\n    exit 1\nfi\n";
			showEnvVarsInLog = 0;
		};
		A03EB0DB5B767F709B328380 /* Copy Pods Resources */ = {
			isa = PBXShellScriptBuildPhase;
			buildActionMask = 2147483647;
			files = (
			);
			inputPaths = (
			);
			name = "Copy Pods Resources";
			outputPaths = (
			);
			runOnlyForDeploymentPostprocessing = 0;
			shellPath = /bin/sh;
			shellScript = "\"${SRCROOT}/Pods/Target Support Files/Pods-Georgia/Pods-Georgia-resources.sh\"\n";
			showEnvVarsInLog = 0;
		};
/* End PBXShellScriptBuildPhase section */

/* Begin PBXSourcesBuildPhase section */
		9ED9EBDF1BBC24AA007DEE61 /* Sources */ = {
			isa = PBXSourcesBuildPhase;
			buildActionMask = 2147483647;
			files = (
				9E5560631BBEB6040065B5EC /* DataManager.swift in Sources */,
				9ECC9F831BC412BF004400C9 /* PublisherView.swift in Sources */,
				9EB784031BC6A8BA007F963A /* ArticlesCell.swift in Sources */,
				9EC30D3C1BCFE3C100C0B218 /* ArticlesView.swift in Sources */,
				9E3D5F3F1BC55FA3005CF2B8 /* Publishers.swift in Sources */,
				9ED9EC0C1BBC3104007DEE61 /* PublishersView.swift in Sources */,
				9E3D5F3B1BC55F98005CF2B8 /* Categories.swift in Sources */,
				9ED9EC0E1BBC3159007DEE61 /* PublishersCell.swift in Sources */,
				9ED9EBEC1BBC24AA007DEE61 /* Georgia.xcdatamodeld in Sources */,
				9E5560611BBEB4650065B5EC /* API.swift in Sources */,
				9E4F09D21BCC00B600E8B99D /* SettingsView.swift in Sources */,
				9E3D5F391BC55F92005CF2B8 /* Articles.swift in Sources */,
				9EBC83961BCD26CC005A671C /* ArticleView.swift in Sources */,
				9E4F09CE1BCBF5A200E8B99D /* FiltersView.swift in Sources */,
				9E3D5F3D1BC55F9E005CF2B8 /* Banners.swift in Sources */,
				9ED9EBE91BBC24AA007DEE61 /* AppDelegate.swift in Sources */,
			);
			runOnlyForDeploymentPostprocessing = 0;
		};
		9ED9EBF71BBC24AA007DEE61 /* Sources */ = {
			isa = PBXSourcesBuildPhase;
			buildActionMask = 2147483647;
			files = (
				9ED9EC021BBC24AA007DEE61 /* GeorgiaTests.swift in Sources */,
			);
			runOnlyForDeploymentPostprocessing = 0;
		};
/* End PBXSourcesBuildPhase section */

/* Begin PBXTargetDependency section */
		9ED9EBFD1BBC24AA007DEE61 /* PBXTargetDependency */ = {
			isa = PBXTargetDependency;
			target = 9ED9EBE21BBC24AA007DEE61 /* Georgia */;
			targetProxy = 9ED9EBFC1BBC24AA007DEE61 /* PBXContainerItemProxy */;
		};
/* End PBXTargetDependency section */

/* Begin PBXVariantGroup section */
		9ED9EBEF1BBC24AA007DEE61 /* Main.storyboard */ = {
			isa = PBXVariantGroup;
			children = (
				9ED9EBF01BBC24AA007DEE61 /* Base */,
			);
			name = Main.storyboard;
			sourceTree = "<group>";
		};
		9ED9EBF41BBC24AA007DEE61 /* LaunchScreen.xib */ = {
			isa = PBXVariantGroup;
			children = (
				9ED9EBF51BBC24AA007DEE61 /* Base */,
			);
			name = LaunchScreen.xib;
			sourceTree = "<group>";
		};
/* End PBXVariantGroup section */

/* Begin XCBuildConfiguration section */
		9ED9EC031BBC24AA007DEE61 /* Debug */ = {
			isa = XCBuildConfiguration;
			buildSettings = {
				ALWAYS_SEARCH_USER_PATHS = NO;
				CLANG_CXX_LANGUAGE_STANDARD = "gnu++0x";
				CLANG_CXX_LIBRARY = "libc++";
				CLANG_ENABLE_MODULES = YES;
				CLANG_ENABLE_OBJC_ARC = YES;
				CLANG_WARN_BOOL_CONVERSION = YES;
				CLANG_WARN_CONSTANT_CONVERSION = YES;
				CLANG_WARN_DIRECT_OBJC_ISA_USAGE = YES_ERROR;
				CLANG_WARN_EMPTY_BODY = YES;
				CLANG_WARN_ENUM_CONVERSION = YES;
				CLANG_WARN_INT_CONVERSION = YES;
				CLANG_WARN_OBJC_ROOT_CLASS = YES_ERROR;
				CLANG_WARN_UNREACHABLE_CODE = YES;
				CLANG_WARN__DUPLICATE_METHOD_MATCH = YES;
				"CODE_SIGN_IDENTITY[sdk=iphoneos*]" = "iPhone Developer";
				COPY_PHASE_STRIP = NO;
				DEBUG_INFORMATION_FORMAT = "dwarf-with-dsym";
				ENABLE_STRICT_OBJC_MSGSEND = YES;
				GCC_C_LANGUAGE_STANDARD = gnu99;
				GCC_DYNAMIC_NO_PIC = NO;
				GCC_NO_COMMON_BLOCKS = YES;
				GCC_OPTIMIZATION_LEVEL = 0;
				GCC_PREPROCESSOR_DEFINITIONS = (
					"DEBUG=1",
					"$(inherited)",
				);
				GCC_SYMBOLS_PRIVATE_EXTERN = NO;
				GCC_WARN_64_TO_32_BIT_CONVERSION = YES;
				GCC_WARN_ABOUT_RETURN_TYPE = YES_ERROR;
				GCC_WARN_UNDECLARED_SELECTOR = YES;
				GCC_WARN_UNINITIALIZED_AUTOS = YES_AGGRESSIVE;
				GCC_WARN_UNUSED_FUNCTION = YES;
				GCC_WARN_UNUSED_VARIABLE = YES;
				IPHONEOS_DEPLOYMENT_TARGET = 8.4;
				MTL_ENABLE_DEBUG_INFO = YES;
				ONLY_ACTIVE_ARCH = YES;
				SDKROOT = iphoneos;
				SWIFT_OPTIMIZATION_LEVEL = "-Onone";
			};
			name = Debug;
		};
		9ED9EC041BBC24AA007DEE61 /* Release */ = {
			isa = XCBuildConfiguration;
			buildSettings = {
				ALWAYS_SEARCH_USER_PATHS = NO;
				CLANG_CXX_LANGUAGE_STANDARD = "gnu++0x";
				CLANG_CXX_LIBRARY = "libc++";
				CLANG_ENABLE_MODULES = YES;
				CLANG_ENABLE_OBJC_ARC = YES;
				CLANG_WARN_BOOL_CONVERSION = YES;
				CLANG_WARN_CONSTANT_CONVERSION = YES;
				CLANG_WARN_DIRECT_OBJC_ISA_USAGE = YES_ERROR;
				CLANG_WARN_EMPTY_BODY = YES;
				CLANG_WARN_ENUM_CONVERSION = YES;
				CLANG_WARN_INT_CONVERSION = YES;
				CLANG_WARN_OBJC_ROOT_CLASS = YES_ERROR;
				CLANG_WARN_UNREACHABLE_CODE = YES;
				CLANG_WARN__DUPLICATE_METHOD_MATCH = YES;
				"CODE_SIGN_IDENTITY[sdk=iphoneos*]" = "iPhone Developer";
				COPY_PHASE_STRIP = NO;
				DEBUG_INFORMATION_FORMAT = "dwarf-with-dsym";
				ENABLE_NS_ASSERTIONS = NO;
				ENABLE_STRICT_OBJC_MSGSEND = YES;
				GCC_C_LANGUAGE_STANDARD = gnu99;
				GCC_NO_COMMON_BLOCKS = YES;
				GCC_WARN_64_TO_32_BIT_CONVERSION = YES;
				GCC_WARN_ABOUT_RETURN_TYPE = YES_ERROR;
				GCC_WARN_UNDECLARED_SELECTOR = YES;
				GCC_WARN_UNINITIALIZED_AUTOS = YES_AGGRESSIVE;
				GCC_WARN_UNUSED_FUNCTION = YES;
				GCC_WARN_UNUSED_VARIABLE = YES;
				IPHONEOS_DEPLOYMENT_TARGET = 8.4;
				MTL_ENABLE_DEBUG_INFO = NO;
				SDKROOT = iphoneos;
				VALIDATE_PRODUCT = YES;
			};
			name = Release;
		};
		9ED9EC061BBC24AA007DEE61 /* Debug */ = {
			isa = XCBuildConfiguration;
			baseConfigurationReference = 376CD39A9CFD5CFE8DCEC8DD /* Pods-Georgia.debug.xcconfig */;
			buildSettings = {
				ASSETCATALOG_COMPILER_APPICON_NAME = AppIcon;
				INFOPLIST_FILE = Georgia/Info.plist;
				LD_RUNPATH_SEARCH_PATHS = "$(inherited) @executable_path/Frameworks";
				PRODUCT_NAME = "$(TARGET_NAME)";
				SWIFT_OBJC_BRIDGING_HEADER = "/Users/mozidevelopment/Desktop/Georgia/Georgia/Georgia-Bridging-Header.h";
			};
			name = Debug;
		};
		9ED9EC071BBC24AA007DEE61 /* Release */ = {
			isa = XCBuildConfiguration;
			baseConfigurationReference = 39D96B5194AD6BF6FF046409 /* Pods-Georgia.release.xcconfig */;
			buildSettings = {
				ASSETCATALOG_COMPILER_APPICON_NAME = AppIcon;
				INFOPLIST_FILE = Georgia/Info.plist;
				LD_RUNPATH_SEARCH_PATHS = "$(inherited) @executable_path/Frameworks";
				PRODUCT_NAME = "$(TARGET_NAME)";
				SWIFT_OBJC_BRIDGING_HEADER = "/Users/mozidevelopment/Desktop/Georgia/Georgia/Georgia-Bridging-Header.h";
			};
			name = Release;
		};
		9ED9EC091BBC24AA007DEE61 /* Debug */ = {
			isa = XCBuildConfiguration;
			buildSettings = {
				BUNDLE_LOADER = "$(TEST_HOST)";
				FRAMEWORK_SEARCH_PATHS = (
					"$(SDKROOT)/Developer/Library/Frameworks",
					"$(inherited)",
				);
				GCC_PREPROCESSOR_DEFINITIONS = (
					"DEBUG=1",
					"$(inherited)",
				);
				INFOPLIST_FILE = GeorgiaTests/Info.plist;
				LD_RUNPATH_SEARCH_PATHS = "$(inherited) @executable_path/Frameworks @loader_path/Frameworks";
				PRODUCT_NAME = "$(TARGET_NAME)";
				TEST_HOST = "$(BUILT_PRODUCTS_DIR)/Georgia.app/Georgia";
			};
			name = Debug;
		};
		9ED9EC0A1BBC24AA007DEE61 /* Release */ = {
			isa = XCBuildConfiguration;
			buildSettings = {
				BUNDLE_LOADER = "$(TEST_HOST)";
				FRAMEWORK_SEARCH_PATHS = (
					"$(SDKROOT)/Developer/Library/Frameworks",
					"$(inherited)",
				);
				INFOPLIST_FILE = GeorgiaTests/Info.plist;
				LD_RUNPATH_SEARCH_PATHS = "$(inherited) @executable_path/Frameworks @loader_path/Frameworks";
				PRODUCT_NAME = "$(TARGET_NAME)";
				TEST_HOST = "$(BUILT_PRODUCTS_DIR)/Georgia.app/Georgia";
			};
			name = Release;
		};
/* End XCBuildConfiguration section */

/* Begin XCConfigurationList section */
		9ED9EBDE1BBC24AA007DEE61 /* Build configuration list for PBXProject "Georgia" */ = {
			isa = XCConfigurationList;
			buildConfigurations = (
				9ED9EC031BBC24AA007DEE61 /* Debug */,
				9ED9EC041BBC24AA007DEE61 /* Release */,
			);
			defaultConfigurationIsVisible = 0;
			defaultConfigurationName = Release;
		};
		9ED9EC051BBC24AA007DEE61 /* Build configuration list for PBXNativeTarget "Georgia" */ = {
			isa = XCConfigurationList;
			buildConfigurations = (
				9ED9EC061BBC24AA007DEE61 /* Debug */,
				9ED9EC071BBC24AA007DEE61 /* Release */,
			);
			defaultConfigurationIsVisible = 0;
			defaultConfigurationName = Release;
		};
		9ED9EC081BBC24AA007DEE61 /* Build configuration list for PBXNativeTarget "GeorgiaTests" */ = {
			isa = XCConfigurationList;
			buildConfigurations = (
				9ED9EC091BBC24AA007DEE61 /* Debug */,
				9ED9EC0A1BBC24AA007DEE61 /* Release */,
			);
			defaultConfigurationIsVisible = 0;
			defaultConfigurationName = Release;
		};
/* End XCConfigurationList section */

/* Begin XCVersionGroup section */
		9ED9EBEA1BBC24AA007DEE61 /* Georgia.xcdatamodeld */ = {
			isa = XCVersionGroup;
			children = (
				9ED9EBEB1BBC24AA007DEE61 /* Georgia.xcdatamodel */,
			);
			currentVersion = 9ED9EBEB1BBC24AA007DEE61 /* Georgia.xcdatamodel */;
			path = Georgia.xcdatamodeld;
			sourceTree = "<group>";
			versionGroupType = wrapper.xcdatamodel;
		};
/* End XCVersionGroup section */
	};
	rootObject = 9ED9EBDB1BBC24AA007DEE61 /* Project object */;
}
